{
  "name": "portfolio",
  "version": "1.0.0",
  "lockfileVersion": 3,
  "requires": true,
  "packages": {
    "": {
      "name": "portfolio",
      "version": "1.0.0",
      "license": "ISC",
      "dependencies": {
        "three": "^0.163.0",
        "threejs-toys": "^0.0.8"
      }
    },
    "node_modules/three": {
      "version": "0.163.0",
      "resolved": "https://registry.npmjs.org/three/-/three-0.163.0.tgz",
      "integrity": "sha512-HlMgCb2TF/dTLRtknBnjUTsR8FsDqBY43itYop2+Zg822I+Kd0Ua2vs8CvfBVefXkBdNDrLMoRTGCIIpfCuDew=="
    },
    "node_modules/threejs-toys": {
      "version": "0.0.8",
      "resolved": "https://registry.npmjs.org/threejs-toys/-/threejs-toys-0.0.8.tgz",
      "integrity": "sha512-FTlSVbNJQA4KhMTvDrcsSrfUH5hQzzzyZ9HQk76p6V4kY5O7zoH1zb0tAnir4kDaMupANNW5Ra7ur98+Fjg4bQ=="
    }
  }
}
